// !$*UTF8*$!
{
	archiveVersion = 1;
	classes = {
	};
	objectVersion = 48;
	objects = {

/* Begin PBXBuildFile section */
		806949F51FED972B00713FDB /* AppDelegate.swift in Sources */ = {isa = PBXBuildFile; fileRef = 806949F41FED972B00713FDB /* AppDelegate.swift */; };
		806949F71FED972B00713FDB /* ViewController.swift in Sources */ = {isa = PBXBuildFile; fileRef = 806949F61FED972B00713FDB /* ViewController.swift */; };
		806949FC1FED972B00713FDB /* Assets.xcassets in Resources */ = {isa = PBXBuildFile; fileRef = 806949FB1FED972B00713FDB /* Assets.xcassets */; };
		806949FF1FED972B00713FDB /* LaunchScreen.storyboard in Resources */ = {isa = PBXBuildFile; fileRef = 806949FD1FED972B00713FDB /* LaunchScreen.storyboard */; };
		80694A081FEDA87100713FDB /* Book.swift in Sources */ = {isa = PBXBuildFile; fileRef = 80694A071FEDA87100713FDB /* Book.swift */; };
		809498891FF24CC500F29653 /* BookCell.swift in Sources */ = {isa = PBXBuildFile; fileRef = 809498881FF24CC500F29653 /* BookCell.swift */; };
		8094988B1FF2818900F29653 /* BookPagerController.swift in Sources */ = {isa = PBXBuildFile; fileRef = 8094988A1FF2818900F29653 /* BookPagerController.swift */; };
/* End PBXBuildFile section */

/* Begin PBXFileReference section */
		806949F11FED972B00713FDB /* KindleApp.app */ = {isa = PBXFileReference; explicitFileType = wrapper.application; includeInIndex = 0; path = KindleApp.app; sourceTree = BUILT_PRODUCTS_DIR; };
		806949F41FED972B00713FDB /* AppDelegate.swift */ = {isa = PBXFileReference; lastKnownFileType = sourcecode.swift; path = AppDelegate.swift; sourceTree = "<group>"; };
		806949F61FED972B00713FDB /* ViewController.swift */ = {isa = PBXFileReference; lastKnownFileType = sourcecode.swift; path = ViewController.swift; sourceTree = "<group>"; };
		806949FB1FED972B00713FDB /* Assets.xcassets */ = {isa = PBXFileReference; lastKnownFileType = folder.assetcatalog; path = Assets.xcassets; sourceTree = "<group>"; };
		806949FE1FED972B00713FDB /* Base */ = {isa = PBXFileReference; lastKnownFileType = file.storyboard; name = Base; path = Base.lproj/LaunchScreen.storyboard; sourceTree = "<group>"; };
		80694A001FED972B00713FDB /* Info.plist */ = {isa = PBXFileReference; lastKnownFileType = text.plist.xml; path = Info.plist; sourceTree = "<group>"; };
		80694A071FEDA87100713FDB /* Book.swift */ = {isa = PBXFileReference; lastKnownFileType = sourcecode.swift; path = Book.swift; sourceTree = "<group>"; };
		809498881FF24CC500F29653 /* BookCell.swift */ = {isa = PBXFileReference; lastKnownFileType = sourcecode.swift; path = BookCell.swift; sourceTree = "<group>"; };
		8094988A1FF2818900F29653 /* BookPagerController.swift */ = {isa = PBXFileReference; lastKnownFileType = sourcecode.swift; path = BookPagerController.swift; sourceTree = "<group>"; };
/* End PBXFileReference section */

/* Begin PBXFrameworksBuildPhase section */
		806949EE1FED972B00713FDB /* Frameworks */ = {
			isa = PBXFrameworksBuildPhase;
			buildActionMask = 2147483647;
			files = (
			);
			runOnlyForDeploymentPostprocessing = 0;
		};
/* End PBXFrameworksBuildPhase section */

/* Begin PBXGroup section */
		806949E81FED972B00713FDB = {
			isa = PBXGroup;
			children = (
				806949F31FED972B00713FDB /* KindleApp */,
				806949F21FED972B00713FDB /* Products */,
			);
			sourceTree = "<group>";
		};
		806949F21FED972B00713FDB /* Products */ = {
			isa = PBXGroup;
			children = (
				806949F11FED972B00713FDB /* KindleApp.app */,
			);
			name = Products;
			sourceTree = "<group>";
		};
		806949F31FED972B00713FDB /* KindleApp */ = {
			isa = PBXGroup;
			children = (
				80694A061FEDA85100713FDB /* Model */,
				806949F41FED972B00713FDB /* AppDelegate.swift */,
				809498881FF24CC500F29653 /* BookCell.swift */,
				806949F61FED972B00713FDB /* ViewController.swift */,
				8094988A1FF2818900F29653 /* BookPagerController.swift */,
				806949FB1FED972B00713FDB /* Assets.xcassets */,
				806949FD1FED972B00713FDB /* LaunchScreen.storyboard */,
				80694A001FED972B00713FDB /* Info.plist */,
			);
			path = KindleApp;
			sourceTree = "<group>";
		};
		80694A061FEDA85100713FDB /* Model */ = {
			isa = PBXGroup;
			children = (
				80694A071FEDA87100713FDB /* Book.swift */,
			);
			path = Model;
			sourceTree = "<group>";
		};
/* End PBXGroup section */

/* Begin PBXNativeTarget section */
		806949F01FED972B00713FDB /* KindleApp */ = {
			isa = PBXNativeTarget;
			buildConfigurationList = 80694A031FED972B00713FDB /* Build configuration list for PBXNativeTarget "KindleApp" */;
			buildPhases = (
				806949ED1FED972B00713FDB /* Sources */,
				806949EE1FED972B00713FDB /* Frameworks */,
				806949EF1FED972B00713FDB /* Resources */,
			);
			buildRules = (
			);
			dependencies = (
			);
			name = KindleApp;
			productName = KindleApp;
			productReference = 806949F11FED972B00713FDB /* KindleApp.app */;
			productType = "com.apple.product-type.application";
		};
/* End PBXNativeTarget section */

/* Begin PBXProject section */
		806949E91FED972B00713FDB /* Project object */ = {
			isa = PBXProject;
			attributes = {
				LastSwiftUpdateCheck = 0910;
				LastUpgradeCheck = 0910;
				ORGANIZATIONNAME = "Uchenna  Aguocha";
				TargetAttributes = {
					806949F01FED972B00713FDB = {
						CreatedOnToolsVersion = 9.1;
						ProvisioningStyle = Automatic;
					};
				};
			};
			buildConfigurationList = 806949EC1FED972B00713FDB /* Build configuration list for PBXProject "KindleApp" */;
			compatibilityVersion = "Xcode 8.0";
			developmentRegion = en;
			hasScannedForEncodings = 0;
			knownRegions = (
				en,
				Base,
			);
			mainGroup = 806949E81FED972B00713FDB;
			productRefGroup = 806949F21FED972B00713FDB /* Products */;
			projectDirPath = "";
			projectRoot = "";
			targets = (
				806949F01FED972B00713FDB /* KindleApp */,
			);
		};
/* End PBXProject section */

/* Begin PBXResourcesBuildPhase section */
		806949EF1FED972B00713FDB /* Resources */ = {
			isa = PBXResourcesBuildPhase;
			buildActionMask = 2147483647;
			files = (
				806949FF1FED972B00713FDB /* LaunchScreen.storyboard in Resources */,
				806949FC1FED972B00713FDB /* Assets.xcassets in Resources */,
			);
			runOnlyForDeploymentPostprocessing = 0;
		};
/* End PBXResourcesBuildPhase section */

/* Begin PBXSourcesBuildPhase section */
		806949ED1FED972B00713FDB /* Sources */ = {
			isa = PBXSourcesBuildPhase;
			buildActionMask = 2147483647;
			files = (
				809498891FF24CC500F29653 /* BookCell.swift in Sources */,
				8094988B1FF2818900F29653 /* BookPagerController.swift in Sources */,
				806949F71FED972B00713FDB /* ViewController.swift in Sources */,
				806949F51FED972B00713FDB /* AppDelegate.swift in Sources */,
				80694A081FEDA87100713FDB /* Book.swift in Sources */,
			);
			runOnlyForDeploymentPostprocessing = 0;
		};
/* End PBXSourcesBuildPhase section */

/* Begin PBXVariantGroup section */
		806949FD1FED972B00713FDB /* LaunchScreen.storyboard */ = {
			isa = PBXVariantGroup;
			children = (
				806949FE1FED972B00713FDB /* Base */,
			);
			name = LaunchScreen.storyboard;
			sourceTree = "<group>";
		};
/* End PBXVariantGroup section */

/* Begin XCBuildConfiguration section */
		80694A011FED972B00713FDB /* Debug */ = {
			isa = XCBuildConfiguration;
			buildSettings = {
				ALWAYS_SEARCH_USER_PATHS = NO;
				CLANG_ANALYZER_NONNULL = YES;
				CLANG_ANALYZER_NUMBER_OBJECT_CONVERSION = YES_AGGRESSIVE;
				CLANG_CXX_LANGUAGE_STANDARD = "gnu++14";
				CLANG_CXX_LIBRARY = "libc++";
				CLANG_ENABLE_MODULES = YES;
				CLANG_ENABLE_OBJC_ARC = YES;
				CLANG_WARN_BLOCK_CAPTURE_AUTORELEASING = YES;
				CLANG_WARN_BOOL_CONVERSION = YES;
				CLANG_WARN_COMMA = YES;
				CLANG_WARN_CONSTANT_CONVERSION = YES;
				CLANG_WARN_DIRECT_OBJC_ISA_USAGE = YES_ERROR;
				CLANG_WARN_DOCUMENTATION_COMMENTS = YES;
				CLANG_WARN_EMPTY_BODY = YES;
				CLANG_WARN_ENUM_CONVERSION = YES;
				CLANG_WARN_INFINITE_RECURSION = YES;
				CLANG_WARN_INT_CONVERSION = YES;
				CLANG_WARN_NON_LITERAL_NULL_CONVERSION = YES;
				CLANG_WARN_OBJC_LITERAL_CONVERSION = YES;
				CLANG_WARN_OBJC_ROOT_CLASS = YES_ERROR;
				CLANG_WARN_RANGE_LOOP_ANALYSIS = YES;
				CLANG_WARN_STRICT_PROTOTYPES = YES;
				CLANG_WARN_SUSPICIOUS_MOVE = YES;
				CLANG_WARN_UNGUARDED_AVAILABILITY = YES_AGGRESSIVE;
				CLANG_WARN_UNREACHABLE_CODE = YES;
				CLANG_WARN__DUPLICATE_METHOD_MATCH = YES;
				CODE_SIGN_IDENTITY = "iPhone Developer";
				COPY_PHASE_STRIP = NO;
				DEBUG_INFORMATION_FORMAT = dwarf;
				ENABLE_STRICT_OBJC_MSGSEND = YES;
				ENABLE_TESTABILITY = YES;
				GCC_C_LANGUAGE_STANDARD = gnu11;
				GCC_DYNAMIC_NO_PIC = NO;
				GCC_NO_COMMON_BLOCKS = YES;
				GCC_OPTIMIZATION_LEVEL = 0;
				GCC_PREPROCESSOR_DEFINITIONS = (
					"DEBUG=1",
					"$(inherited)",
				);
				GCC_WARN_64_TO_32_BIT_CONVERSION = YES;
				GCC_WARN_ABOUT_RETURN_TYPE = YES_ERROR;
				GCC_WARN_UNDECLARED_SELECTOR = YES;
				GCC_WARN_UNINITIALIZED_AUTOS = YES_AGGRESSIVE;
				GCC_WARN_UNUSED_FUNCTION = YES;
				GCC_WARN_UNUSED_VARIABLE = YES;
				IPHONEOS_DEPLOYMENT_TARGET = 11.1;
				MTL_ENABLE_DEBUG_INFO = YES;
				ONLY_ACTIVE_ARCH = YES;
				SDKROOT = iphoneos;
				SWIFT_ACTIVE_COMPILATION_CONDITIONS = DEBUG;
				SWIFT_OPTIMIZATION_LEVEL = "-Onone";
			};
			name = Debug;
		};
		80694A021FED972B00713FDB /* Release */ = {
			isa = XCBuildConfiguration;
			buildSettings = {
				ALWAYS_SEARCH_USER_PATHS = NO;
				CLANG_ANALYZER_NONNULL = YES;
				CLANG_ANALYZER_NUMBER_OBJECT_CONVERSION = YES_AGGRESSIVE;
				CLANG_CXX_LANGUAGE_STANDARD = "gnu++14";
				CLANG_CXX_LIBRARY = "libc++";
				CLANG_ENABLE_MODULES = YES;
				CLANG_ENABLE_OBJC_ARC = YES;
				CLANG_WARN_BLOCK_CAPTURE_AUTORELEASING = YES;
				CLANG_WARN_BOOL_CONVERSION = YES;
				CLANG_WARN_COMMA = YES;
				CLANG_WARN_CONSTANT_CONVERSION = YES;
				CLANG_WARN_DIRECT_OBJC_ISA_USAGE = YES_ERROR;
				CLANG_WARN_DOCUMENTATION_COMMENTS = YES;
				CLANG_WARN_EMPTY_BODY = YES;
				CLANG_WARN_ENUM_CONVERSION = YES;
				CLANG_WARN_INFINITE_RECURSION = YES;
				CLANG_WARN_INT_CONVERSION = YES;
				CLANG_WARN_NON_LITERAL_NULL_CONVERSION = YES;
				CLANG_WARN_OBJC_LITERAL_CONVERSION = YES;
				CLANG_WARN_OBJC_ROOT_CLASS = YES_ERROR;
				CLANG_WARN_RANGE_LOOP_ANALYSIS = YES;
				CLANG_WARN_STRICT_PROTOTYPES = YES;
				CLANG_WARN_SUSPICIOUS_MOVE = YES;
				CLANG_WARN_UNGUARDED_AVAILABILITY = YES_AGGRESSIVE;
				CLANG_WARN_UNREACHABLE_CODE = YES;
				CLANG_WARN__DUPLICATE_METHOD_MATCH = YES;
				CODE_SIGN_IDENTITY = "iPhone Developer";
				COPY_PHASE_STRIP = NO;
				DEBUG_INFORMATION_FORMAT = "dwarf-with-dsym";
				ENABLE_NS_ASSERTIONS = NO;
				ENABLE_STRICT_OBJC_MSGSEND = YES;
				GCC_C_LANGUAGE_STANDARD = gnu11;
				GCC_NO_COMMON_BLOCKS = YES;
				GCC_WARN_64_TO_32_BIT_CONVERSION = YES;
				GCC_WARN_ABOUT_RETURN_TYPE = YES_ERROR;
				GCC_WARN_UNDECLARED_SELECTOR = YES;
				GCC_WARN_UNINITIALIZED_AUTOS = YES_AGGRESSIVE;
				GCC_WARN_UNUSED_FUNCTION = YES;
				GCC_WARN_UNUSED_VARIABLE = YES;
				IPHONEOS_DEPLOYMENT_TARGET = 11.1;
				MTL_ENABLE_DEBUG_INFO = NO;
				SDKROOT = iphoneos;
				SWIFT_OPTIMIZATION_LEVEL = "-Owholemodule";
				VALIDATE_PRODUCT = YES;
			};
			name = Release;
		};
		80694A041FED972B00713FDB /* Debug */ = {
			isa = XCBuildConfiguration;
			buildSettings = {
				ASSETCATALOG_COMPILER_APPICON_NAME = AppIcon;
				CODE_SIGN_STYLE = Automatic;
				DEVELOPMENT_TEAM = 854F25WCHE;
				INFOPLIST_FILE = KindleApp/Info.plist;
				LD_RUNPATH_SEARCH_PATHS = "$(inherited) @executable_path/Frameworks";
				PRODUCT_BUNDLE_IDENTIFIER = uchstudio.KindleApp;
				PRODUCT_NAME = "$(TARGET_NAME)";
				SWIFT_VERSION = 4.0;
				TARGETED_DEVICE_FAMILY = "1,2";
			};
			name = Debug;
		};
		80694A051FED972B00713FDB /* Release */ = {
			isa = XCBuildConfiguration;
			buildSettings = {
				ASSETCATALOG_COMPILER_APPICON_NAME = AppIcon;
				CODE_SIGN_STYLE = Automatic;
				DEVELOPMENT_TEAM = 854F25WCHE;
				INFOPLIST_FILE = KindleApp/Info.plist;
				LD_RUNPATH_SEARCH_PATHS = "$(inherited) @executable_path/Frameworks";
				PRODUCT_BUNDLE_IDENTIFIER = uchstudio.KindleApp;
				PRODUCT_NAME = "$(TARGET_NAME)";
				SWIFT_VERSION = 4.0;
				TARGETED_DEVICE_FAMILY = "1,2";
			};
			name = Release;
		};
/* End XCBuildConfiguration section */

/* Begin XCConfigurationList section */
		806949EC1FED972B00713FDB /* Build configuration list for PBXProject "KindleApp" */ = {
			isa = XCConfigurationList;
			buildConfigurations = (
				80694A011FED972B00713FDB /* Debug */,
				80694A021FED972B00713FDB /* Release */,
			);
			defaultConfigurationIsVisible = 0;
			defaultConfigurationName = Release;
		};
		80694A031FED972B00713FDB /* Build configuration list for PBXNativeTarget "KindleApp" */ = {
			isa = XCConfigurationList;
			buildConfigurations = (
				80694A041FED972B00713FDB /* Debug */,
				80694A051FED972B00713FDB /* Release */,
			);
			defaultConfigurationIsVisible = 0;
			defaultConfigurationName = Release;
		};
/* End XCConfigurationList section */
	};
	rootObject = 806949E91FED972B00713FDB /* Project object */;
}
