// !$*UTF8*$!
{
	archiveVersion = 1;
	classes = {
	};
	objectVersion = 48;
	objects = {

/* Begin PBXBuildFile section */
		80D984601FE917ED00FACB61 /* SwipingController.swift in Sources */ = {isa = PBXBuildFile; fileRef = 80D9845F1FE917ED00FACB61 /* SwipingController.swift */; };
		80D984621FE9244600FACB61 /* PageCell.swift in Sources */ = {isa = PBXBuildFile; fileRef = 80D984611FE9244600FACB61 /* PageCell.swift */; };
		80D984641FE98C4B00FACB61 /* Page.swift in Sources */ = {isa = PBXBuildFile; fileRef = 80D984631FE98C4B00FACB61 /* Page.swift */; };
		80EC70231FE8A57500ADE635 /* AppDelegate.swift in Sources */ = {isa = PBXBuildFile; fileRef = 80EC70221FE8A57500ADE635 /* AppDelegate.swift */; };
		80EC70251FE8A57500ADE635 /* ViewController.swift in Sources */ = {isa = PBXBuildFile; fileRef = 80EC70241FE8A57500ADE635 /* ViewController.swift */; };
		80EC70281FE8A57500ADE635 /* Main.storyboard in Resources */ = {isa = PBXBuildFile; fileRef = 80EC70261FE8A57500ADE635 /* Main.storyboard */; };
		80EC702A1FE8A57500ADE635 /* Assets.xcassets in Resources */ = {isa = PBXBuildFile; fileRef = 80EC70291FE8A57500ADE635 /* Assets.xcassets */; };
		80EC702D1FE8A57500ADE635 /* LaunchScreen.storyboard in Resources */ = {isa = PBXBuildFile; fileRef = 80EC702B1FE8A57500ADE635 /* LaunchScreen.storyboard */; };
/* End PBXBuildFile section */

/* Begin PBXFileReference section */
		80D9845F1FE917ED00FACB61 /* SwipingController.swift */ = {isa = PBXFileReference; lastKnownFileType = sourcecode.swift; path = SwipingController.swift; sourceTree = "<group>"; };
		80D984611FE9244600FACB61 /* PageCell.swift */ = {isa = PBXFileReference; lastKnownFileType = sourcecode.swift; path = PageCell.swift; sourceTree = "<group>"; };
		80D984631FE98C4B00FACB61 /* Page.swift */ = {isa = PBXFileReference; lastKnownFileType = sourcecode.swift; path = Page.swift; sourceTree = "<group>"; };
		80EC701F1FE8A57400ADE635 /* AutolayoutPractice.app */ = {isa = PBXFileReference; explicitFileType = wrapper.application; includeInIndex = 0; path = AutolayoutPractice.app; sourceTree = BUILT_PRODUCTS_DIR; };
		80EC70221FE8A57500ADE635 /* AppDelegate.swift */ = {isa = PBXFileReference; lastKnownFileType = sourcecode.swift; path = AppDelegate.swift; sourceTree = "<group>"; };
		80EC70241FE8A57500ADE635 /* ViewController.swift */ = {isa = PBXFileReference; lastKnownFileType = sourcecode.swift; path = ViewController.swift; sourceTree = "<group>"; };
		80EC70271FE8A57500ADE635 /* Base */ = {isa = PBXFileReference; lastKnownFileType = file.storyboard; name = Base; path = Base.lproj/Main.storyboard; sourceTree = "<group>"; };
		80EC70291FE8A57500ADE635 /* Assets.xcassets */ = {isa = PBXFileReference; lastKnownFileType = folder.assetcatalog; path = Assets.xcassets; sourceTree = "<group>"; };
		80EC702C1FE8A57500ADE635 /* Base */ = {isa = PBXFileReference; lastKnownFileType = file.storyboard; name = Base; path = Base.lproj/LaunchScreen.storyboard; sourceTree = "<group>"; };
		80EC702E1FE8A57500ADE635 /* Info.plist */ = {isa = PBXFileReference; lastKnownFileType = text.plist.xml; path = Info.plist; sourceTree = "<group>"; };
/* End PBXFileReference section */

/* Begin PBXFrameworksBuildPhase section */
		80EC701C1FE8A57400ADE635 /* Frameworks */ = {
			isa = PBXFrameworksBuildPhase;
			buildActionMask = 2147483647;
			files = (
			);
			runOnlyForDeploymentPostprocessing = 0;
		};
/* End PBXFrameworksBuildPhase section */

/* Begin PBXGroup section */
		80EC70161FE8A57400ADE635 = {
			isa = PBXGroup;
			children = (
				80EC70211FE8A57400ADE635 /* AutolayoutPractice */,
				80EC70201FE8A57400ADE635 /* Products */,
			);
			sourceTree = "<group>";
		};
		80EC70201FE8A57400ADE635 /* Products */ = {
			isa = PBXGroup;
			children = (
				80EC701F1FE8A57400ADE635 /* AutolayoutPractice.app */,
			);
			name = Products;
			sourceTree = "<group>";
		};
		80EC70211FE8A57400ADE635 /* AutolayoutPractice */ = {
			isa = PBXGroup;
			children = (
				80EC70221FE8A57500ADE635 /* AppDelegate.swift */,
				80EC70241FE8A57500ADE635 /* ViewController.swift */,
				80EC70261FE8A57500ADE635 /* Main.storyboard */,
				80EC70291FE8A57500ADE635 /* Assets.xcassets */,
				80EC702B1FE8A57500ADE635 /* LaunchScreen.storyboard */,
				80EC702E1FE8A57500ADE635 /* Info.plist */,
				80D9845F1FE917ED00FACB61 /* SwipingController.swift */,
				80D984611FE9244600FACB61 /* PageCell.swift */,
				80D984631FE98C4B00FACB61 /* Page.swift */,
			);
			path = AutolayoutPractice;
			sourceTree = "<group>";
		};
/* End PBXGroup section */

/* Begin PBXNativeTarget section */
		80EC701E1FE8A57400ADE635 /* AutolayoutPractice */ = {
			isa = PBXNativeTarget;
			buildConfigurationList = 80EC70311FE8A57500ADE635 /* Build configuration list for PBXNativeTarget "AutolayoutPractice" */;
			buildPhases = (
				80EC701B1FE8A57400ADE635 /* Sources */,
				80EC701C1FE8A57400ADE635 /* Frameworks */,
				80EC701D1FE8A57400ADE635 /* Resources */,
			);
			buildRules = (
			);
			dependencies = (
			);
			name = AutolayoutPractice;
			productName = AutolayoutPractice;
			productReference = 80EC701F1FE8A57400ADE635 /* AutolayoutPractice.app */;
			productType = "com.apple.product-type.application";
		};
/* End PBXNativeTarget section */

/* Begin PBXProject section */
		80EC70171FE8A57400ADE635 /* Project object */ = {
			isa = PBXProject;
			attributes = {
				LastSwiftUpdateCheck = 0910;
				LastUpgradeCheck = 0910;
				ORGANIZATIONNAME = "Uchenna  Aguocha";
				TargetAttributes = {
					80EC701E1FE8A57400ADE635 = {
						CreatedOnToolsVersion = 9.1;
						ProvisioningStyle = Automatic;
					};
				};
			};
			buildConfigurationList = 80EC701A1FE8A57400ADE635 /* Build configuration list for PBXProject "AutolayoutPractice" */;
			compatibilityVersion = "Xcode 8.0";
			developmentRegion = en;
			hasScannedForEncodings = 0;
			knownRegions = (
				en,
				Base,
			);
			mainGroup = 80EC70161FE8A57400ADE635;
			productRefGroup = 80EC70201FE8A57400ADE635 /* Products */;
			projectDirPath = "";
			projectRoot = "";
			targets = (
				80EC701E1FE8A57400ADE635 /* AutolayoutPractice */,
			);
		};
/* End PBXProject section */

/* Begin PBXResourcesBuildPhase section */
		80EC701D1FE8A57400ADE635 /* Resources */ = {
			isa = PBXResourcesBuildPhase;
			buildActionMask = 2147483647;
			files = (
				80EC702D1FE8A57500ADE635 /* LaunchScreen.storyboard in Resources */,
				80EC702A1FE8A57500ADE635 /* Assets.xcassets in Resources */,
				80EC70281FE8A57500ADE635 /* Main.storyboard in Resources */,
			);
			runOnlyForDeploymentPostprocessing = 0;
		};
/* End PBXResourcesBuildPhase section */

/* Begin PBXSourcesBuildPhase section */
		80EC701B1FE8A57400ADE635 /* Sources */ = {
			isa = PBXSourcesBuildPhase;
			buildActionMask = 2147483647;
			files = (
				80EC70251FE8A57500ADE635 /* ViewController.swift in Sources */,
				80EC70231FE8A57500ADE635 /* AppDelegate.swift in Sources */,
				80D984621FE9244600FACB61 /* PageCell.swift in Sources */,
				80D984601FE917ED00FACB61 /* SwipingController.swift in Sources */,
				80D984641FE98C4B00FACB61 /* Page.swift in Sources */,
			);
			runOnlyForDeploymentPostprocessing = 0;
		};
/* End PBXSourcesBuildPhase section */

/* Begin PBXVariantGroup section */
		80EC70261FE8A57500ADE635 /* Main.storyboard */ = {
			isa = PBXVariantGroup;
			children = (
				80EC70271FE8A57500ADE635 /* Base */,
			);
			name = Main.storyboard;
			sourceTree = "<group>";
		};
		80EC702B1FE8A57500ADE635 /* LaunchScreen.storyboard */ = {
			isa = PBXVariantGroup;
			children = (
				80EC702C1FE8A57500ADE635 /* Base */,
			);
			name = LaunchScreen.storyboard;
			sourceTree = "<group>";
		};
/* End PBXVariantGroup section */

/* Begin XCBuildConfiguration section */
		80EC702F1FE8A57500ADE635 /* Debug */ = {
			isa = XCBuildConfiguration;
			buildSettings = {
				ALWAYS_SEARCH_USER_PATHS = NO;
				CLANG_ANALYZER_NONNULL = YES;
				CLANG_ANALYZER_NUMBER_OBJECT_CONVERSION = YES_AGGRESSIVE;
				CLANG_CXX_LANGUAGE_STANDARD = "gnu++14";
				CLANG_CXX_LIBRARY = "libc++";
				CLANG_ENABLE_MODULES = YES;
				CLANG_ENABLE_OBJC_ARC = YES;
				CLANG_WARN_BLOCK_CAPTURE_AUTORELEASING = YES;
				CLANG_WARN_BOOL_CONVERSION = YES;
				CLANG_WARN_COMMA = YES;
				CLANG_WARN_CONSTANT_CONVERSION = YES;
				CLANG_WARN_DIRECT_OBJC_ISA_USAGE = YES_ERROR;
				CLANG_WARN_DOCUMENTATION_COMMENTS = YES;
				CLANG_WARN_EMPTY_BODY = YES;
				CLANG_WARN_ENUM_CONVERSION = YES;
				CLANG_WARN_INFINITE_RECURSION = YES;
				CLANG_WARN_INT_CONVERSION = YES;
				CLANG_WARN_NON_LITERAL_NULL_CONVERSION = YES;
				CLANG_WARN_OBJC_LITERAL_CONVERSION = YES;
				CLANG_WARN_OBJC_ROOT_CLASS = YES_ERROR;
				CLANG_WARN_RANGE_LOOP_ANALYSIS = YES;
				CLANG_WARN_STRICT_PROTOTYPES = YES;
				CLANG_WARN_SUSPICIOUS_MOVE = YES;
				CLANG_WARN_UNGUARDED_AVAILABILITY = YES_AGGRESSIVE;
				CLANG_WARN_UNREACHABLE_CODE = YES;
				CLANG_WARN__DUPLICATE_METHOD_MATCH = YES;
				CODE_SIGN_IDENTITY = "iPhone Developer";
				COPY_PHASE_STRIP = NO;
				DEBUG_INFORMATION_FORMAT = dwarf;
				ENABLE_STRICT_OBJC_MSGSEND = YES;
				ENABLE_TESTABILITY = YES;
				GCC_C_LANGUAGE_STANDARD = gnu11;
				GCC_DYNAMIC_NO_PIC = NO;
				GCC_NO_COMMON_BLOCKS = YES;
				GCC_OPTIMIZATION_LEVEL = 0;
				GCC_PREPROCESSOR_DEFINITIONS = (
					"DEBUG=1",
					"$(inherited)",
				);
				GCC_WARN_64_TO_32_BIT_CONVERSION = YES;
				GCC_WARN_ABOUT_RETURN_TYPE = YES_ERROR;
				GCC_WARN_UNDECLARED_SELECTOR = YES;
				GCC_WARN_UNINITIALIZED_AUTOS = YES_AGGRESSIVE;
				GCC_WARN_UNUSED_FUNCTION = YES;
				GCC_WARN_UNUSED_VARIABLE = YES;
				IPHONEOS_DEPLOYMENT_TARGET = 11.1;
				MTL_ENABLE_DEBUG_INFO = YES;
				ONLY_ACTIVE_ARCH = YES;
				SDKROOT = iphoneos;
				SWIFT_ACTIVE_COMPILATION_CONDITIONS = DEBUG;
				SWIFT_OPTIMIZATION_LEVEL = "-Onone";
			};
			name = Debug;
		};
		80EC70301FE8A57500ADE635 /* Release */ = {
			isa = XCBuildConfiguration;
			buildSettings = {
				ALWAYS_SEARCH_USER_PATHS = NO;
				CLANG_ANALYZER_NONNULL = YES;
				CLANG_ANALYZER_NUMBER_OBJECT_CONVERSION = YES_AGGRESSIVE;
				CLANG_CXX_LANGUAGE_STANDARD = "gnu++14";
				CLANG_CXX_LIBRARY = "libc++";
				CLANG_ENABLE_MODULES = YES;
				CLANG_ENABLE_OBJC_ARC = YES;
				CLANG_WARN_BLOCK_CAPTURE_AUTORELEASING = YES;
				CLANG_WARN_BOOL_CONVERSION = YES;
				CLANG_WARN_COMMA = YES;
				CLANG_WARN_CONSTANT_CONVERSION = YES;
				CLANG_WARN_DIRECT_OBJC_ISA_USAGE = YES_ERROR;
				CLANG_WARN_DOCUMENTATION_COMMENTS = YES;
				CLANG_WARN_EMPTY_BODY = YES;
				CLANG_WARN_ENUM_CONVERSION = YES;
				CLANG_WARN_INFINITE_RECURSION = YES;
				CLANG_WARN_INT_CONVERSION = YES;
				CLANG_WARN_NON_LITERAL_NULL_CONVERSION = YES;
				CLANG_WARN_OBJC_LITERAL_CONVERSION = YES;
				CLANG_WARN_OBJC_ROOT_CLASS = YES_ERROR;
				CLANG_WARN_RANGE_LOOP_ANALYSIS = YES;
				CLANG_WARN_STRICT_PROTOTYPES = YES;
				CLANG_WARN_SUSPICIOUS_MOVE = YES;
				CLANG_WARN_UNGUARDED_AVAILABILITY = YES_AGGRESSIVE;
				CLANG_WARN_UNREACHABLE_CODE = YES;
				CLANG_WARN__DUPLICATE_METHOD_MATCH = YES;
				CODE_SIGN_IDENTITY = "iPhone Developer";
				COPY_PHASE_STRIP = NO;
				DEBUG_INFORMATION_FORMAT = "dwarf-with-dsym";
				ENABLE_NS_ASSERTIONS = NO;
				ENABLE_STRICT_OBJC_MSGSEND = YES;
				GCC_C_LANGUAGE_STANDARD = gnu11;
				GCC_NO_COMMON_BLOCKS = YES;
				GCC_WARN_64_TO_32_BIT_CONVERSION = YES;
				GCC_WARN_ABOUT_RETURN_TYPE = YES_ERROR;
				GCC_WARN_UNDECLARED_SELECTOR = YES;
				GCC_WARN_UNINITIALIZED_AUTOS = YES_AGGRESSIVE;
				GCC_WARN_UNUSED_FUNCTION = YES;
				GCC_WARN_UNUSED_VARIABLE = YES;
				IPHONEOS_DEPLOYMENT_TARGET = 11.1;
				MTL_ENABLE_DEBUG_INFO = NO;
				SDKROOT = iphoneos;
				SWIFT_OPTIMIZATION_LEVEL = "-Owholemodule";
				VALIDATE_PRODUCT = YES;
			};
			name = Release;
		};
		80EC70321FE8A57500ADE635 /* Debug */ = {
			isa = XCBuildConfiguration;
			buildSettings = {
				ASSETCATALOG_COMPILER_APPICON_NAME = AppIcon;
				CODE_SIGN_STYLE = Automatic;
				DEVELOPMENT_TEAM = 854F25WCHE;
				INFOPLIST_FILE = AutolayoutPractice/Info.plist;
				LD_RUNPATH_SEARCH_PATHS = "$(inherited) @executable_path/Frameworks";
				PRODUCT_BUNDLE_IDENTIFIER = uchstudio.AutolayoutPractice;
				PRODUCT_NAME = "$(TARGET_NAME)";
				SWIFT_VERSION = 4.0;
				TARGETED_DEVICE_FAMILY = "1,2";
			};
			name = Debug;
		};
		80EC70331FE8A57500ADE635 /* Release */ = {
			isa = XCBuildConfiguration;
			buildSettings = {
				ASSETCATALOG_COMPILER_APPICON_NAME = AppIcon;
				CODE_SIGN_STYLE = Automatic;
				DEVELOPMENT_TEAM = 854F25WCHE;
				INFOPLIST_FILE = AutolayoutPractice/Info.plist;
				LD_RUNPATH_SEARCH_PATHS = "$(inherited) @executable_path/Frameworks";
				PRODUCT_BUNDLE_IDENTIFIER = uchstudio.AutolayoutPractice;
				PRODUCT_NAME = "$(TARGET_NAME)";
				SWIFT_VERSION = 4.0;
				TARGETED_DEVICE_FAMILY = "1,2";
			};
			name = Release;
		};
/* End XCBuildConfiguration section */

/* Begin XCConfigurationList section */
		80EC701A1FE8A57400ADE635 /* Build configuration list for PBXProject "AutolayoutPractice" */ = {
			isa = XCConfigurationList;
			buildConfigurations = (
				80EC702F1FE8A57500ADE635 /* Debug */,
				80EC70301FE8A57500ADE635 /* Release */,
			);
			defaultConfigurationIsVisible = 0;
			defaultConfigurationName = Release;
		};
		80EC70311FE8A57500ADE635 /* Build configuration list for PBXNativeTarget "AutolayoutPractice" */ = {
			isa = XCConfigurationList;
			buildConfigurations = (
				80EC70321FE8A57500ADE635 /* Debug */,
				80EC70331FE8A57500ADE635 /* Release */,
			);
			defaultConfigurationIsVisible = 0;
			defaultConfigurationName = Release;
		};
/* End XCConfigurationList section */
	};
	rootObject = 80EC70171FE8A57400ADE635 /* Project object */;
}
